
Microsoft Visual Studio Solution File, Format Version 12.00
# Visual Studio Version 17
VisualStudioVersion = 17.4.33110.190
MinimumVisualStudioVersion = 10.0.40219.1
Project("{FAE04EC0-301F-11D3-BF4B-00C04F79EFBC}") = "EFCoreRelationshipsTutorial", "EFCoreRelationshipsTutorial\EFCoreRelationshipsTutorial.csproj", "{1F55EEA2-9108-44A3-8EAA-956D18573EBB}"
EndProject
Global
	GlobalSection(SolutionConfigurationPlatforms) = preSolution
		Debug|Any CPU = Debug|Any CPU
		Release|Any CPU = Release|Any CPU
	EndGlobalSection
	GlobalSection(ProjectConfigurationPlatforms) = postSolution
		{1F55EEA2-9108-44A3-8EAA-956D18573EBB}.Debug|Any CPU.ActiveCfg = Debug|Any CPU
		{1F55EEA2-9108-44A3-8EAA-956D18573EBB}.Debug|Any CPU.Build.0 = Debug|Any CPU
		{1F55EEA2-9108-44A3-8EAA-956D18573EBB}.Release|Any CPU.ActiveCfg = Release|Any CPU
		{1F55EEA2-9108-44A3-8EAA-956D18573EBB}.Release|Any CPU.Build.0 = Release|Any CPU
	EndGlobalSection
	GlobalSection(SolutionProperties) = preSolution
		HideSolutionNode = FALSE
	EndGlobalSection
	GlobalSection(ExtensibilityGlobals) = postSolution
		SolutionGuid = {155E0578-3109-48C3-ABC4-C0D3B429A9D6}
	EndGlobalSection
EndGlobal
